[[package]]
category = "main"
description = "Requests for Human"
name = "requests"
optional = false
python-versions = "*"
version = "2.25.0"

[[package]]
category = "main"
description = "Read key-value pairs from a .env file and set them as environment variables"
name = "python-dotenv"
optional = false
python-versions = "*"
version = "0.17.1"

[package.extras]
cli = ["click (>=5.0)"]

[metadata]
content-hash = "f601f0966b9ead58778d82f18fee4bde269b8efbed7abadb8c8e295a54b163bc"
python-versions = "^3.8"

[metadata.files]

python-dotenv = [
    {file = "python-dotenv-0.17.1.tar.gz", hash = "sha256:b1ae5e9643d5ed987fc57cc2583021e38db531946518130777734f9589b3141f"},
    {file = "python_dotenv-0.17.1-py2.py3-none-any.whl", hash = "sha256:00aa34e92d992e9f8383730816359647f358f4a3be1ba45e5a5cefd27ee91544"},
]
